PODS:
  - device_info_plus (0.0.1):
    - Flutter
  - Flutter (1.0.0)
  - flutter_blue_plus (0.0.1):
    - Flutter
  - keep_screen_on (3.0.0):
    - Flutter
  - shared_preferences_foundation (0.0.1):
    - Flutter
    - FlutterMacOS
  - vibration (1.7.5):
    - Flutter

DEPENDENCIES:
  - device_info_plus (from `.symlinks/plugins/device_info_plus/ios`)
  - Flutter (from `Flutter`)
  - flutter_blue_plus (from `.symlinks/plugins/flutter_blue_plus/ios`)
  - keep_screen_on (from `.symlinks/plugins/keep_screen_on/ios`)
  - shared_preferences_foundation (from `.symlinks/plugins/shared_preferences_foundation/darwin`)
  - vibration (from `.symlinks/plugins/vibration/ios`)

EXTERNAL SOURCES:
  device_info_plus:
    :path: ".symlinks/plugins/device_info_plus/ios"
  Flutter:
    :path: Flutter
  flutter_blue_plus:
    :path: ".symlinks/plugins/flutter_blue_plus/ios"
  keep_screen_on:
    :path: ".symlinks/plugins/keep_screen_on/ios"
  shared_preferences_foundation:
    :path: ".symlinks/plugins/shared_preferences_foundation/darwin"
  vibration:
    :path: ".symlinks/plugins/vibration/ios"

SPEC CHECKSUMS:
  device_info_plus: c6fb39579d0f423935b0c9ce7ee2f44b71b9fce6
  Flutter: f04841e97a9d0b0a8025694d0796dd46242b2854
  flutter_blue_plus: 4837da7d00cf5d441fdd6635b3a57f936778ea96
  keep_screen_on: bc3e0a8520835eb03d3697ff76e8b1c34637353c
  shared_preferences_foundation: 5b919d13b803cadd15ed2dc053125c68730e5126
  vibration: 7d883d141656a1c1a6d8d238616b2042a51a1241

PODFILE CHECKSUM: 70d9d25280d0dd177a5f637cdb0f0b0b12c6a189

COCOAPODS: 1.14.2
